
Microsoft Visual Studio Solution File, Format Version 12.00
# Visual Studio Version 16
VisualStudioVersion = 16.0.31019.35
MinimumVisualStudioVersion = 10.0.40219.1
Project("{9A19103F-16F7-4668-BE54-9A1E7A4F7556}") = "CompanyEmployees", "CompanyEmployees\CompanyEmployees.csproj", "{69549BED-C38C-44C4-935B-CC779F8E3ACC}"
EndProject
Project("{9A19103F-16F7-4668-BE54-9A1E7A4F7556}") = "Contracts", "Contracts\Contracts.csproj", "{6D5A688F-56F6-464E-8BE5-6C35FE71ABF9}"
EndProject
Project("{9A19103F-16F7-4668-BE54-9A1E7A4F7556}") = "LoggerService", "LoggerService\LoggerService.csproj", "{DEB699D7-7BE2-422B-931E-1D0586880022}"
EndProject
Project("{9A19103F-16F7-4668-BE54-9A1E7A4F7556}") = "Entities", "Entities\Entities.csproj", "{9B531E1F-5AA4-4128-9D3E-AFC6FFC65B86}"
EndProject
Project("{9A19103F-16F7-4668-BE54-9A1E7A4F7556}") = "Repository", "Repository\Repository.csproj", "{D62F832C-42B8-4929-8AA0-F3A121040E48}"
EndProject
Global
	GlobalSection(SolutionConfigurationPlatforms) = preSolution
		Debug|Any CPU = Debug|Any CPU
		Release|Any CPU = Release|Any CPU
	EndGlobalSection
	GlobalSection(ProjectConfigurationPlatforms) = postSolution
		{69549BED-C38C-44C4-935B-CC779F8E3ACC}.Debug|Any CPU.ActiveCfg = Debug|Any CPU
		{69549BED-C38C-44C4-935B-CC779F8E3ACC}.Debug|Any CPU.Build.0 = Debug|Any CPU
		{69549BED-C38C-44C4-935B-CC779F8E3ACC}.Release|Any CPU.ActiveCfg = Release|Any CPU
		{69549BED-C38C-44C4-935B-CC779F8E3ACC}.Release|Any CPU.Build.0 = Release|Any CPU
		{6D5A688F-56F6-464E-8BE5-6C35FE71ABF9}.Debug|Any CPU.ActiveCfg = Debug|Any CPU
		{6D5A688F-56F6-464E-8BE5-6C35FE71ABF9}.Debug|Any CPU.Build.0 = Debug|Any CPU
		{6D5A688F-56F6-464E-8BE5-6C35FE71ABF9}.Release|Any CPU.ActiveCfg = Release|Any CPU
		{6D5A688F-56F6-464E-8BE5-6C35FE71ABF9}.Release|Any CPU.Build.0 = Release|Any CPU
		{DEB699D7-7BE2-422B-931E-1D0586880022}.Debug|Any CPU.ActiveCfg = Debug|Any CPU
		{DEB699D7-7BE2-422B-931E-1D0586880022}.Debug|Any CPU.Build.0 = Debug|Any CPU
		{DEB699D7-7BE2-422B-931E-1D0586880022}.Release|Any CPU.ActiveCfg = Release|Any CPU
		{DEB699D7-7BE2-422B-931E-1D0586880022}.Release|Any CPU.Build.0 = Release|Any CPU
		{9B531E1F-5AA4-4128-9D3E-AFC6FFC65B86}.Debug|Any CPU.ActiveCfg = Debug|Any CPU
		{9B531E1F-5AA4-4128-9D3E-AFC6FFC65B86}.Debug|Any CPU.Build.0 = Debug|Any CPU
		{9B531E1F-5AA4-4128-9D3E-AFC6FFC65B86}.Release|Any CPU.ActiveCfg = Release|Any CPU
		{9B531E1F-5AA4-4128-9D3E-AFC6FFC65B86}.Release|Any CPU.Build.0 = Release|Any CPU
		{D62F832C-42B8-4929-8AA0-F3A121040E48}.Debug|Any CPU.ActiveCfg = Debug|Any CPU
		{D62F832C-42B8-4929-8AA0-F3A121040E48}.Debug|Any CPU.Build.0 = Debug|Any CPU
		{D62F832C-42B8-4929-8AA0-F3A121040E48}.Release|Any CPU.ActiveCfg = Release|Any CPU
		{D62F832C-42B8-4929-8AA0-F3A121040E48}.Release|Any CPU.Build.0 = Release|Any CPU
	EndGlobalSection
	GlobalSection(SolutionProperties) = preSolution
		HideSolutionNode = FALSE
	EndGlobalSection
	GlobalSection(ExtensibilityGlobals) = postSolution
		SolutionGuid = {6BB535D0-4136-4940-8BF2-4FAFEC029940}
	EndGlobalSection
EndGlobal
